{
  "name": "visualization-with-akira-cn",
  "version": "1.0.0",
  "lockfileVersion": 1,
  "requires": true,
  "dependencies": {
    "@babel/runtime": {
      "version": "7.11.2",
      "resolved": "https://registry.npm.taobao.org/@babel/runtime/download/@babel/runtime-7.11.2.tgz?cache=0&sync_timestamp=1596637824771&other_urls=https%3A%2F%2Fregistry.npm.taobao.org%2F%40babel%2Fruntime%2Fdownload%2F%40babel%2Fruntime-7.11.2.tgz",
      "integrity": "sha1-9UnBPHVMxAuHZEufqfCaapX+BzY=",
      "requires": {
        "regenerator-runtime": "^0.13.4"
      }
    },
    "@mesh.js/core": {
      "version": "1.1.19",
      "resolved": "https://registry.npm.taobao.org/@mesh.js/core/download/@mesh.js/core-1.1.19.tgz",
      "integrity": "sha1-reID8oC1/YBttZkHh3uOSTC1ltI=",
      "requires": {
        "@babel/runtime": "^7.4.5",
        "abs-svg-path": "^0.1.1",
        "adaptive-bezier-curve": "^1.0.3",
        "as-number": "^1.0.0",
        "bound-points": "^1.0.0",
        "color-rgba": "^2.1.1",
        "gl-matrix": "^3.1.0",
        "gl-renderer": "^0.13.5",
        "parse-svg-path": "^0.1.2",
        "polyline-miter-util": "^1.0.1",
        "simplify-path": "^1.1.0",
        "tess2": "^1.0.0",
        "xtend": "^4.0.2"
      }
    },
    "abs-svg-path": {
      "version": "0.1.1",
      "resolved": "https://registry.npm.taobao.org/abs-svg-path/download/abs-svg-path-0.1.1.tgz",
      "integrity": "sha1-32Acjo0roQ1KdtYl4japo5wnI78="
    },
    "adaptive-bezier-curve": {
      "version": "1.0.3",
      "resolved": "https://registry.npm.taobao.org/adaptive-bezier-curve/download/adaptive-bezier-curve-1.0.3.tgz",
      "integrity": "sha1-R3V3q+h9coDUbKQWSfbCJkb+gic="
    },
    "almost-equal": {
      "version": "1.1.0",
      "resolved": "https://registry.npm.taobao.org/almost-equal/download/almost-equal-1.1.0.tgz",
      "integrity": "sha1-+FHGMROHV5lCdqou++jfowZszN0="
    },
    "as-number": {
      "version": "1.0.0",
      "resolved": "https://registry.npm.taobao.org/as-number/download/as-number-1.0.0.tgz",
      "integrity": "sha1-rLJ+NPj52KsNqeN287iVmGD4CmY="
    },
    "babel-runtime": {
      "version": "6.26.0",
      "resolved": "https://registry.npm.taobao.org/babel-runtime/download/babel-runtime-6.26.0.tgz",
      "integrity": "sha1-llxwWGaOgrVde/4E/yM3vItWR/4=",
      "requires": {
        "core-js": "^2.4.0",
        "regenerator-runtime": "^0.11.0"
      },
      "dependencies": {
        "regenerator-runtime": {
          "version": "0.11.1",
          "resolved": "https://registry.npm.taobao.org/regenerator-runtime/download/regenerator-runtime-0.11.1.tgz",
          "integrity": "sha1-vgWtf5v30i4Fb5cmzuUBf78Z4uk="
        }
      }
    },
    "bezier-easing": {
      "version": "2.1.0",
      "resolved": "https://registry.npm.taobao.org/bezier-easing/download/bezier-easing-2.1.0.tgz",
      "integrity": "sha1-wE3+i5JtbsrKGBPWn/F5t8ICXYY="
    },
    "boolbase": {
      "version": "1.0.0",
      "resolved": "https://registry.npm.taobao.org/boolbase/download/boolbase-1.0.0.tgz",
      "integrity": "sha1-aN/1++YMUes3cl6p4+0xDcwed24="
    },
    "bound-points": {
      "version": "1.0.0",
      "resolved": "https://registry.npm.taobao.org/bound-points/download/bound-points-1.0.0.tgz",
      "integrity": "sha1-fhY5uFMYRRlLfKCYIGmADvR0Mqc="
    },
    "clamp": {
      "version": "1.0.1",
      "resolved": "https://registry.npm.taobao.org/clamp/download/clamp-1.0.1.tgz",
      "integrity": "sha1-ZqDmQBGBbjcZaCj9yMjBRzEshjQ="
    },
    "color-name": {
      "version": "1.1.4",
      "resolved": "https://registry.npm.taobao.org/color-name/download/color-name-1.1.4.tgz",
      "integrity": "sha1-wqCah6y95pVD3m9j+jmVyCbFNqI="
    },
    "color-parse": {
      "version": "1.3.8",
      "resolved": "https://registry.npm.taobao.org/color-parse/download/color-parse-1.3.8.tgz",
      "integrity": "sha1-6vVM04XLNMBoHxjCGKyjhHgIL6M=",
      "requires": {
        "color-name": "^1.0.0",
        "defined": "^1.0.0",
        "is-plain-obj": "^1.1.0"
      }
    },
    "color-rgba": {
      "version": "2.1.1",
      "resolved": "https://registry.npm.taobao.org/color-rgba/download/color-rgba-2.1.1.tgz",
      "integrity": "sha1-RjO4OBfHQGyQs9e/TRrPpI3eXIM=",
      "requires": {
        "clamp": "^1.0.1",
        "color-parse": "^1.3.8",
        "color-space": "^1.14.6"
      }
    },
    "color-space": {
      "version": "1.16.0",
      "resolved": "https://registry.npm.taobao.org/color-space/download/color-space-1.16.0.tgz",
      "integrity": "sha1-YReBvKQc2FgqFGb9niin09iXcqI=",
      "requires": {
        "hsluv": "^0.0.3",
        "mumath": "^3.3.4"
      }
    },
    "core-js": {
      "version": "2.6.11",
      "resolved": "https://registry.npm.taobao.org/core-js/download/core-js-2.6.11.tgz?cache=0&sync_timestamp=1592843203000&other_urls=https%3A%2F%2Fregistry.npm.taobao.org%2Fcore-js%2Fdownload%2Fcore-js-2.6.11.tgz",
      "integrity": "sha1-OIMUafmSK97Y7iHJ3EaYXgOZMIw="
    },
    "css-select": {
      "version": "2.1.0",
      "resolved": "https://registry.npm.taobao.org/css-select/download/css-select-2.1.0.tgz",
      "integrity": "sha1-ajRlM1ZjWTSoG6ymjQJVQyEF2+8=",
      "requires": {
        "boolbase": "^1.0.0",
        "css-what": "^3.2.1",
        "domutils": "^1.7.0",
        "nth-check": "^1.0.2"
      }
    },
    "css-what": {
      "version": "3.3.0",
      "resolved": "https://registry.npm.taobao.org/css-what/download/css-what-3.3.0.tgz",
      "integrity": "sha1-EP7Glqns4uWRrHctdZqsq6w4zTk="
    },
    "defined": {
      "version": "1.0.0",
      "resolved": "https://registry.npm.taobao.org/defined/download/defined-1.0.0.tgz",
      "integrity": "sha1-yY2bzvdWdBiOEQlpFRGZ45sfppM="
    },
    "dom-serializer": {
      "version": "0.2.2",
      "resolved": "https://registry.npm.taobao.org/dom-serializer/download/dom-serializer-0.2.2.tgz",
      "integrity": "sha1-GvuB9TNxcXXUeGVd68XjMtn5u1E=",
      "requires": {
        "domelementtype": "^2.0.1",
        "entities": "^2.0.0"
      },
      "dependencies": {
        "domelementtype": {
          "version": "2.0.1",
          "resolved": "https://registry.npm.taobao.org/domelementtype/download/domelementtype-2.0.1.tgz",
          "integrity": "sha1-H4vf6R9aeAYydOgDtL3O326U+U0="
        }
      }
    },
    "domelementtype": {
      "version": "1.3.1",
      "resolved": "https://registry.npm.taobao.org/domelementtype/download/domelementtype-1.3.1.tgz",
      "integrity": "sha1-0EjESzew0Qp/Kj1f7j9DM9eQSB8="
    },
    "domutils": {
      "version": "1.7.0",
      "resolved": "https://registry.npm.taobao.org/domutils/download/domutils-1.7.0.tgz?cache=0&sync_timestamp=1597680691354&other_urls=https%3A%2F%2Fregistry.npm.taobao.org%2Fdomutils%2Fdownload%2Fdomutils-1.7.0.tgz",
      "integrity": "sha1-Vuo0HoNOBuZ0ivehyyXaZ+qfjCo=",
      "requires": {
        "dom-serializer": "0",
        "domelementtype": "1"
      }
    },
    "entities": {
      "version": "2.0.3",
      "resolved": "https://registry.npm.taobao.org/entities/download/entities-2.0.3.tgz",
      "integrity": "sha1-XEh+V0Krk8Fau12iJ1m4WQ7AO38="
    },
    "gl-matrix": {
      "version": "3.3.0",
      "resolved": "https://registry.npm.taobao.org/gl-matrix/download/gl-matrix-3.3.0.tgz?cache=0&other_urls=https%3A%2F%2Fregistry.npm.taobao.org%2Fgl-matrix%2Fdownload%2Fgl-matrix-3.3.0.tgz",
      "integrity": "sha1-Iy7vYLHIswooy751ssr2xI/WNYs="
    },
    "gl-renderer": {
      "version": "0.13.6",
      "resolved": "https://registry.npm.taobao.org/gl-renderer/download/gl-renderer-0.13.6.tgz",
      "integrity": "sha1-SXb5rbCFmwVK1fMHuQOn/KDRvvk=",
      "requires": {
        "@babel/runtime": "^7.7.6"
      }
    },
    "gl-vec2": {
      "version": "1.3.0",
      "resolved": "https://registry.npm.taobao.org/gl-vec2/download/gl-vec2-1.3.0.tgz",
      "integrity": "sha1-g9Ry7UYDTejgnLyFcSP7bIHFEZk="
    },
    "glsl-doodle": {
      "version": "0.2.0",
      "resolved": "https://registry.npm.taobao.org/glsl-doodle/download/glsl-doodle-0.2.0.tgz",
      "integrity": "sha1-uggEtmq7VGrB/iuG70jijJ1Wheo=",
      "requires": {
        "@babel/runtime": "^7.4.5",
        "gl-renderer": "^0.7.5"
      },
      "dependencies": {
        "gl-renderer": {
          "version": "0.7.18",
          "resolved": "https://registry.npm.taobao.org/gl-renderer/download/gl-renderer-0.7.18.tgz",
          "integrity": "sha1-3bnfFU/wq1+8gcr4kAgj0cUumBo=",
          "requires": {
            "@babel/runtime": "^7.4.5"
          }
        }
      }
    },
    "hsluv": {
      "version": "0.0.3",
      "resolved": "https://registry.npm.taobao.org/hsluv/download/hsluv-0.0.3.tgz",
      "integrity": "sha1-gpEH2vtKn4tSoYCe0C4JHq3mdUw="
    },
    "is-plain-obj": {
      "version": "1.1.0",
      "resolved": "https://registry.npm.taobao.org/is-plain-obj/download/is-plain-obj-1.1.0.tgz",
      "integrity": "sha1-caUMhCnfync8kqOQpKA7OfzVHT4="
    },
    "mumath": {
      "version": "3.3.4",
      "resolved": "https://registry.npm.taobao.org/mumath/download/mumath-3.3.4.tgz",
      "integrity": "sha1-SNSg8P2MrU57Mglu6JsWGmPTC78=",
      "requires": {
        "almost-equal": "^1.1.0"
      }
    },
    "nth-check": {
      "version": "1.0.2",
      "resolved": "https://registry.npm.taobao.org/nth-check/download/nth-check-1.0.2.tgz",
      "integrity": "sha1-sr0pXDfj3VijvwcAN2Zjuk2c8Fw=",
      "requires": {
        "boolbase": "~1.0.0"
      }
    },
    "parse-svg-path": {
      "version": "0.1.2",
      "resolved": "https://registry.npm.taobao.org/parse-svg-path/download/parse-svg-path-0.1.2.tgz",
      "integrity": "sha1-en7A0esG+lMlx9PgCbhZoJtdSes="
    },
    "pasition": {
      "version": "1.0.3",
      "resolved": "https://registry.npm.taobao.org/pasition/download/pasition-1.0.3.tgz",
      "integrity": "sha1-Ez1u1K5+vYGdKWUUkdU/dBUSc70="
    },
    "polyline-miter-util": {
      "version": "1.0.1",
      "resolved": "https://registry.npm.taobao.org/polyline-miter-util/download/polyline-miter-util-1.0.1.tgz",
      "integrity": "sha1-tpPyOJ6g3tNqa89ezS7OS2kX2Vc=",
      "requires": {
        "gl-vec2": "^1.0.0"
      }
    },
    "regenerator-runtime": {
      "version": "0.13.7",
      "resolved": "https://registry.npm.taobao.org/regenerator-runtime/download/regenerator-runtime-0.13.7.tgz",
      "integrity": "sha1-ysLazIoepnX+qrrriugziYrkb1U="
    },
    "simplify-path": {
      "version": "1.1.0",
      "resolved": "https://registry.npm.taobao.org/simplify-path/download/simplify-path-1.1.0.tgz",
      "integrity": "sha1-eRs50lJwsK/ANd51e6gm5vF2YQM="
    },
    "sprite-animator": {
      "version": "1.11.5",
      "resolved": "https://registry.npm.taobao.org/sprite-animator/download/sprite-animator-1.11.5.tgz",
      "integrity": "sha1-VDi+nv2XuSwCmitEsNf6gBX/cJk=",
      "requires": {
        "babel-runtime": "^6.26.0",
        "bezier-easing": "^2.0.3",
        "sprite-timeline": "^1.10.2"
      }
    },
    "sprite-timeline": {
      "version": "1.10.2",
      "resolved": "https://registry.npm.taobao.org/sprite-timeline/download/sprite-timeline-1.10.2.tgz",
      "integrity": "sha1-IPsBKwAmI/6O9fPxblpdE2TAedA=",
      "requires": {
        "babel-runtime": "^6.26.0"
      }
    },
    "spritejs": {
      "version": "3.7.24",
      "resolved": "https://registry.npm.taobao.org/spritejs/download/spritejs-3.7.24.tgz",
      "integrity": "sha1-IR6uRoxMTbRY1J9PwfdsB8FYzhM=",
      "requires": {
        "@babel/runtime": "^7.4.5",
        "@mesh.js/core": "^1.1.19",
        "color-rgba": "^2.1.1",
        "css-select": "^2.0.2",
        "gl-matrix": "^3.1.0",
        "pasition": "^1.0.2",
        "sprite-animator": "^1.11.5"
      }
    },
    "tess2": {
      "version": "1.0.0",
      "resolved": "https://registry.npm.taobao.org/tess2/download/tess2-1.0.0.tgz",
      "integrity": "sha1-Li6yGCIpQGG4PUbLrv3QnYbd9ZM="
    },
    "xtend": {
      "version": "4.0.2",
      "resolved": "https://registry.npm.taobao.org/xtend/download/xtend-4.0.2.tgz",
      "integrity": "sha1-u3J3n1+kZRhrH0OPZ0+jR/2121Q="
    }
  }
}
